
Microsoft Visual Studio Solution File, Format Version 12.00
# Visual Studio Version 16
VisualStudioVersion = 16.0.31129.286
MinimumVisualStudioVersion = 10.0.40219.1
Project("{8BC9CEB8-8B4A-11D0-8D11-00A0C91BC942}") = "Server", "..\Server\Server.vcxproj", "{221072E2-B3D9-4589-A990-0BE28ECD1C2D}"
EndProject
Project("{8BC9CEB8-8B4A-11D0-8D11-00A0C91BC942}") = "Client", "..\Client\Client.vcxproj", "{5133B6C3-94B4-49FF-B65B-717A5E4DF39E}"
EndProject
Project("{8BC9CEB8-8B4A-11D0-8D11-00A0C91BC942}") = "AsioAsyncReverseProxy", "AsioAsyncReverseProxy\AsioAsyncReverseProxy.vcxproj", "{135CE4AC-14B1-4F58-8858-345A008BDE38}"
EndProject
Global
	GlobalSection(SolutionConfigurationPlatforms) = preSolution
		Debug|x64 = Debug|x64
		Debug|x86 = Debug|x86
		Release|x64 = Release|x64
		Release|x86 = Release|x86
	EndGlobalSection
	GlobalSection(ProjectConfigurationPlatforms) = postSolution
		{221072E2-B3D9-4589-A990-0BE28ECD1C2D}.Debug|x64.ActiveCfg = Debug|x64
		{221072E2-B3D9-4589-A990-0BE28ECD1C2D}.Debug|x64.Build.0 = Debug|x64
		{221072E2-B3D9-4589-A990-0BE28ECD1C2D}.Debug|x86.ActiveCfg = Debug|Win32
		{221072E2-B3D9-4589-A990-0BE28ECD1C2D}.Debug|x86.Build.0 = Debug|Win32
		{221072E2-B3D9-4589-A990-0BE28ECD1C2D}.Release|x64.ActiveCfg = Release|x64
		{221072E2-B3D9-4589-A990-0BE28ECD1C2D}.Release|x64.Build.0 = Release|x64
		{221072E2-B3D9-4589-A990-0BE28ECD1C2D}.Release|x86.ActiveCfg = Release|Win32
		{221072E2-B3D9-4589-A990-0BE28ECD1C2D}.Release|x86.Build.0 = Release|Win32
		{5133B6C3-94B4-49FF-B65B-717A5E4DF39E}.Debug|x64.ActiveCfg = Debug|x64
		{5133B6C3-94B4-49FF-B65B-717A5E4DF39E}.Debug|x64.Build.0 = Debug|x64
		{5133B6C3-94B4-49FF-B65B-717A5E4DF39E}.Debug|x86.ActiveCfg = Debug|Win32
		{5133B6C3-94B4-49FF-B65B-717A5E4DF39E}.Debug|x86.Build.0 = Debug|Win32
		{5133B6C3-94B4-49FF-B65B-717A5E4DF39E}.Release|x64.ActiveCfg = Release|x64
		{5133B6C3-94B4-49FF-B65B-717A5E4DF39E}.Release|x64.Build.0 = Release|x64
		{5133B6C3-94B4-49FF-B65B-717A5E4DF39E}.Release|x86.ActiveCfg = Release|Win32
		{5133B6C3-94B4-49FF-B65B-717A5E4DF39E}.Release|x86.Build.0 = Release|Win32
		{135CE4AC-14B1-4F58-8858-345A008BDE38}.Debug|x64.ActiveCfg = Debug|x64
		{135CE4AC-14B1-4F58-8858-345A008BDE38}.Debug|x64.Build.0 = Debug|x64
		{135CE4AC-14B1-4F58-8858-345A008BDE38}.Debug|x86.ActiveCfg = Debug|Win32
		{135CE4AC-14B1-4F58-8858-345A008BDE38}.Debug|x86.Build.0 = Debug|Win32
		{135CE4AC-14B1-4F58-8858-345A008BDE38}.Release|x64.ActiveCfg = Release|x64
		{135CE4AC-14B1-4F58-8858-345A008BDE38}.Release|x64.Build.0 = Release|x64
		{135CE4AC-14B1-4F58-8858-345A008BDE38}.Release|x86.ActiveCfg = Release|Win32
		{135CE4AC-14B1-4F58-8858-345A008BDE38}.Release|x86.Build.0 = Release|Win32
	EndGlobalSection
	GlobalSection(SolutionProperties) = preSolution
		HideSolutionNode = FALSE
	EndGlobalSection
	GlobalSection(ExtensibilityGlobals) = postSolution
		SolutionGuid = {62BEA17E-56C2-49DA-AADD-ABF0C194DD04}
	EndGlobalSection
EndGlobal
